
Microsoft Visual Studio Solution File, Format Version 12.00
# Visual Studio 2012
Project("{FAE04EC0-301F-11D3-BF4B-00C04F79EFBC}") = "School", "School\School.csproj", "{D9AB10FE-44DA-416E-B17E-3D26EEB41E29}"
EndProject
Project("{FAE04EC0-301F-11D3-BF4B-00C04F79EFBC}") = "TestSchool", "TestSchool\TestSchool.csproj", "{A9108D32-E8AC-470D-BA1D-E951B8DEEA66}"
EndProject
Global
	GlobalSection(SolutionConfigurationPlatforms) = preSolution
		Debug|Any CPU = Debug|Any CPU
		Release|Any CPU = Release|Any CPU
	EndGlobalSection
	GlobalSection(ProjectConfigurationPlatforms) = postSolution
		{D9AB10FE-44DA-416E-B17E-3D26EEB41E29}.Debug|Any CPU.ActiveCfg = Debug|Any CPU
		{D9AB10FE-44DA-416E-B17E-3D26EEB41E29}.Debug|Any CPU.Build.0 = Debug|Any CPU
		{D9AB10FE-44DA-416E-B17E-3D26EEB41E29}.Release|Any CPU.ActiveCfg = Release|Any CPU
		{D9AB10FE-44DA-416E-B17E-3D26EEB41E29}.Release|Any CPU.Build.0 = Release|Any CPU
		{A9108D32-E8AC-470D-BA1D-E951B8DEEA66}.Debug|Any CPU.ActiveCfg = Debug|Any CPU
		{A9108D32-E8AC-470D-BA1D-E951B8DEEA66}.Debug|Any CPU.Build.0 = Debug|Any CPU
		{A9108D32-E8AC-470D-BA1D-E951B8DEEA66}.Release|Any CPU.ActiveCfg = Release|Any CPU
		{A9108D32-E8AC-470D-BA1D-E951B8DEEA66}.Release|Any CPU.Build.0 = Release|Any CPU
	EndGlobalSection
	GlobalSection(SolutionProperties) = preSolution
		HideSolutionNode = FALSE
	EndGlobalSection
EndGlobal
