
Microsoft Visual Studio Solution File, Format Version 12.00
# Visual Studio 2012
Project("{FAE04EC0-301F-11D3-BF4B-00C04F79EFBC}") = "3.AdvancedMathFunctionsTest", "AdvancedMathFunctionsTest\3.AdvancedMathFunctionsTest.csproj", "{EBF570F5-E707-401F-87E2-4D2E523BB3EA}"
EndProject
Project("{FAE04EC0-301F-11D3-BF4B-00C04F79EFBC}") = "1.SolarSystem", "SolarSystem\1.SolarSystem.csproj", "{2F30E9AF-8256-40AF-B356-EA14E55CE9D7}"
EndProject
Project("{FAE04EC0-301F-11D3-BF4B-00C04F79EFBC}") = "4.SortingTests", "SortingTests\4.SortingTests.csproj", "{EB7C7F85-2227-4CCD-9195-0F4CE345E454}"
EndProject
Project("{FAE04EC0-301F-11D3-BF4B-00C04F79EFBC}") = "2.TestPerformanceOfAddSubtractIncrementMultiplyDivide", "TestPerformanceOfAddSubtractIncrementMultiplyDivide\2.TestPerformanceOfAddSubtractIncrementMultiplyDivide.csproj", "{CECAEC4B-4A95-43FF-8427-2D5E6B5E4069}"
EndProject
Global
	GlobalSection(SolutionConfigurationPlatforms) = preSolution
		Debug|Any CPU = Debug|Any CPU
		Release|Any CPU = Release|Any CPU
	EndGlobalSection
	GlobalSection(ProjectConfigurationPlatforms) = postSolution
		{EBF570F5-E707-401F-87E2-4D2E523BB3EA}.Debug|Any CPU.ActiveCfg = Debug|Any CPU
		{EBF570F5-E707-401F-87E2-4D2E523BB3EA}.Debug|Any CPU.Build.0 = Debug|Any CPU
		{EBF570F5-E707-401F-87E2-4D2E523BB3EA}.Release|Any CPU.ActiveCfg = Release|Any CPU
		{EBF570F5-E707-401F-87E2-4D2E523BB3EA}.Release|Any CPU.Build.0 = Release|Any CPU
		{2F30E9AF-8256-40AF-B356-EA14E55CE9D7}.Debug|Any CPU.ActiveCfg = Debug|Any CPU
		{2F30E9AF-8256-40AF-B356-EA14E55CE9D7}.Debug|Any CPU.Build.0 = Debug|Any CPU
		{2F30E9AF-8256-40AF-B356-EA14E55CE9D7}.Release|Any CPU.ActiveCfg = Release|Any CPU
		{2F30E9AF-8256-40AF-B356-EA14E55CE9D7}.Release|Any CPU.Build.0 = Release|Any CPU
		{EB7C7F85-2227-4CCD-9195-0F4CE345E454}.Debug|Any CPU.ActiveCfg = Debug|Any CPU
		{EB7C7F85-2227-4CCD-9195-0F4CE345E454}.Debug|Any CPU.Build.0 = Debug|Any CPU
		{EB7C7F85-2227-4CCD-9195-0F4CE345E454}.Release|Any CPU.ActiveCfg = Release|Any CPU
		{EB7C7F85-2227-4CCD-9195-0F4CE345E454}.Release|Any CPU.Build.0 = Release|Any CPU
		{CECAEC4B-4A95-43FF-8427-2D5E6B5E4069}.Debug|Any CPU.ActiveCfg = Debug|Any CPU
		{CECAEC4B-4A95-43FF-8427-2D5E6B5E4069}.Debug|Any CPU.Build.0 = Debug|Any CPU
		{CECAEC4B-4A95-43FF-8427-2D5E6B5E4069}.Release|Any CPU.ActiveCfg = Release|Any CPU
		{CECAEC4B-4A95-43FF-8427-2D5E6B5E4069}.Release|Any CPU.Build.0 = Release|Any CPU
	EndGlobalSection
	GlobalSection(SolutionProperties) = preSolution
		HideSolutionNode = FALSE
	EndGlobalSection
EndGlobal
