
Microsoft Visual Studio Solution File, Format Version 12.00
# Visual Studio 2012
Project("{2150E333-8FDC-42A3-9474-1A3956D46DE8}") = ".nuget", ".nuget", "{1B8083A2-35A6-4784-8BA4-AF027D3933FC}"
	ProjectSection(SolutionItems) = preProject
		.nuget\packages.config = .nuget\packages.config
	EndProjectSection
EndProject
Project("{FAE04EC0-301F-11D3-BF4B-00C04F79EFBC}") = "SpecFlowHTML", "SpecFlowHTML\SpecFlowHTML.csproj", "{8989547A-C3F1-4E83-94EA-27C6D0CB77EE}"
EndProject
Project("{FAE04EC0-301F-11D3-BF4B-00C04F79EFBC}") = "SpecFlowSilverlight", "SpecFlowSilverlight\SpecFlowSilverlight.csproj", "{1085D2AC-3EB2-452F-8F9D-AAB428912673}"
EndProject
Project("{FAE04EC0-301F-11D3-BF4B-00C04F79EFBC}") = "SpecflowWPF", "SpecFlowWPF\SpecflowWPF.csproj", "{A01171D5-D90E-4FE7-8D6D-EB7E33E7F075}"
EndProject
Global
	GlobalSection(SolutionConfigurationPlatforms) = preSolution
		Debug|Any CPU = Debug|Any CPU
		Release|Any CPU = Release|Any CPU
	EndGlobalSection
	GlobalSection(ProjectConfigurationPlatforms) = postSolution
		{8989547A-C3F1-4E83-94EA-27C6D0CB77EE}.Debug|Any CPU.ActiveCfg = Debug|Any CPU
		{8989547A-C3F1-4E83-94EA-27C6D0CB77EE}.Debug|Any CPU.Build.0 = Debug|Any CPU
		{8989547A-C3F1-4E83-94EA-27C6D0CB77EE}.Release|Any CPU.ActiveCfg = Release|Any CPU
		{8989547A-C3F1-4E83-94EA-27C6D0CB77EE}.Release|Any CPU.Build.0 = Release|Any CPU
		{1085D2AC-3EB2-452F-8F9D-AAB428912673}.Debug|Any CPU.ActiveCfg = Debug|Any CPU
		{1085D2AC-3EB2-452F-8F9D-AAB428912673}.Debug|Any CPU.Build.0 = Debug|Any CPU
		{1085D2AC-3EB2-452F-8F9D-AAB428912673}.Release|Any CPU.ActiveCfg = Release|Any CPU
		{1085D2AC-3EB2-452F-8F9D-AAB428912673}.Release|Any CPU.Build.0 = Release|Any CPU
		{A01171D5-D90E-4FE7-8D6D-EB7E33E7F075}.Debug|Any CPU.ActiveCfg = Debug|Any CPU
		{A01171D5-D90E-4FE7-8D6D-EB7E33E7F075}.Debug|Any CPU.Build.0 = Debug|Any CPU
		{A01171D5-D90E-4FE7-8D6D-EB7E33E7F075}.Release|Any CPU.ActiveCfg = Release|Any CPU
		{A01171D5-D90E-4FE7-8D6D-EB7E33E7F075}.Release|Any CPU.Build.0 = Release|Any CPU
	EndGlobalSection
	GlobalSection(SolutionProperties) = preSolution
		HideSolutionNode = FALSE
	EndGlobalSection
EndGlobal
