
Microsoft Visual Studio Solution File, Format Version 12.00
# Visual Studio 2012
Project("{FAE04EC0-301F-11D3-BF4B-00C04F79EFBC}") = "1.FigureRotation", "UsingVatiables\1.FigureRotation.csproj", "{C440663E-D092-4768-9F3F-94336B714BD7}"
EndProject
Project("{FAE04EC0-301F-11D3-BF4B-00C04F79EFBC}") = "2.PrintStatistic", "PrintStatistic\2.PrintStatistic.csproj", "{C53CDFEC-1387-4B01-A43B-34193E252352}"
EndProject
Global
	GlobalSection(SolutionConfigurationPlatforms) = preSolution
		Debug|Any CPU = Debug|Any CPU
		Release|Any CPU = Release|Any CPU
	EndGlobalSection
	GlobalSection(ProjectConfigurationPlatforms) = postSolution
		{C440663E-D092-4768-9F3F-94336B714BD7}.Debug|Any CPU.ActiveCfg = Debug|Any CPU
		{C440663E-D092-4768-9F3F-94336B714BD7}.Debug|Any CPU.Build.0 = Debug|Any CPU
		{C440663E-D092-4768-9F3F-94336B714BD7}.Release|Any CPU.ActiveCfg = Release|Any CPU
		{C440663E-D092-4768-9F3F-94336B714BD7}.Release|Any CPU.Build.0 = Release|Any CPU
		{C53CDFEC-1387-4B01-A43B-34193E252352}.Debug|Any CPU.ActiveCfg = Debug|Any CPU
		{C53CDFEC-1387-4B01-A43B-34193E252352}.Debug|Any CPU.Build.0 = Debug|Any CPU
		{C53CDFEC-1387-4B01-A43B-34193E252352}.Release|Any CPU.ActiveCfg = Release|Any CPU
		{C53CDFEC-1387-4B01-A43B-34193E252352}.Release|Any CPU.Build.0 = Release|Any CPU
	EndGlobalSection
	GlobalSection(SolutionProperties) = preSolution
		HideSolutionNode = FALSE
	EndGlobalSection
EndGlobal
